
Microsoft Visual Studio Solution File, Format Version 12.00
# Visual Studio Version 16
VisualStudioVersion = 16.0.29418.71
MinimumVisualStudioVersion = 10.0.40219.1
Project("{FAE04EC0-301F-11D3-BF4B-00C04F79EFBC}") = "CourseProjectMVC", "CourseProjectMVC\CourseProjectMVC.csproj", "{8CEB2B1C-425A-4661-A6B3-20D871ABF238}"
EndProject
Global
	GlobalSection(SolutionConfigurationPlatforms) = preSolution
		Debug|Any CPU = Debug|Any CPU
		Release|Any CPU = Release|Any CPU
	EndGlobalSection
	GlobalSection(ProjectConfigurationPlatforms) = postSolution
		{8CEB2B1C-425A-4661-A6B3-20D871ABF238}.Debug|Any CPU.ActiveCfg = Debug|Any CPU
		{8CEB2B1C-425A-4661-A6B3-20D871ABF238}.Debug|Any CPU.Build.0 = Debug|Any CPU
		{8CEB2B1C-425A-4661-A6B3-20D871ABF238}.Release|Any CPU.ActiveCfg = Release|Any CPU
		{8CEB2B1C-425A-4661-A6B3-20D871ABF238}.Release|Any CPU.Build.0 = Release|Any CPU
	EndGlobalSection
	GlobalSection(SolutionProperties) = preSolution
		HideSolutionNode = FALSE
	EndGlobalSection
	GlobalSection(ExtensibilityGlobals) = postSolution
		SolutionGuid = {7489CEDD-ECE1-4929-8A88-E05199EC2F2E}
	EndGlobalSection
EndGlobal
